// !$*UTF8*$!
{
	archiveVersion = 1;
	classes = {
	};
	objectVersion = 50;
	objects = {

/* Begin PBXBuildFile section */
		962485F12314153000DF530C /* LikeButton.swift in Sources */ = {isa = PBXBuildFile; fileRef = 962485F02314153000DF530C /* LikeButton.swift */; };
		962AA1BF230545610023E4FC /* AllGroupsController.swift in Sources */ = {isa = PBXBuildFile; fileRef = 962AA1BE230545610023E4FC /* AllGroupsController.swift */; };
		962AA1C1230545720023E4FC /* AllGroupsCell.swift in Sources */ = {isa = PBXBuildFile; fileRef = 962AA1C0230545720023E4FC /* AllGroupsCell.swift */; };
		963BEF78230496BF00A5F366 /* FriendsController.swift in Sources */ = {isa = PBXBuildFile; fileRef = 963BEF77230496BF00A5F366 /* FriendsController.swift */; };
		963BEF7A230496DF00A5F366 /* FriendsCell.swift in Sources */ = {isa = PBXBuildFile; fileRef = 963BEF79230496DF00A5F366 /* FriendsCell.swift */; };
		963BEF7D23049B7D00A5F366 /* GroupsController.swift in Sources */ = {isa = PBXBuildFile; fileRef = 963BEF7C23049B7D00A5F366 /* GroupsController.swift */; };
		963BEF7F23049B9800A5F366 /* GroupsCell.swift in Sources */ = {isa = PBXBuildFile; fileRef = 963BEF7E23049B9800A5F366 /* GroupsCell.swift */; };
		965F3AE922F60626009A6ED4 /* LoginFormController.swift in Sources */ = {isa = PBXBuildFile; fileRef = 965F3AE822F60626009A6ED4 /* LoginFormController.swift */; };
		96636E4E2312F3BC008E776E /* NewsCell.swift in Sources */ = {isa = PBXBuildFile; fileRef = 96636E4C2312F3BC008E776E /* NewsCell.swift */; };
		96636E4F2312F3BC008E776E /* NewsCell.xib in Resources */ = {isa = PBXBuildFile; fileRef = 96636E4D2312F3BC008E776E /* NewsCell.xib */; };
		96636E512313EE12008E776E /* News.swift in Sources */ = {isa = PBXBuildFile; fileRef = 96636E502313EE12008E776E /* News.swift */; };
		96636E552313F97A008E776E /* NewsViewController.swift in Sources */ = {isa = PBXBuildFile; fileRef = 96636E542313F97A008E776E /* NewsViewController.swift */; };
		96636E5723140005008E776E /* NewsViewController + UITableViewDataSource.swift in Sources */ = {isa = PBXBuildFile; fileRef = 96636E5623140005008E776E /* NewsViewController + UITableViewDataSource.swift */; };
		96695706230AB46E0013A7F1 /* LikeController.swift in Sources */ = {isa = PBXBuildFile; fileRef = 96695705230AB46E0013A7F1 /* LikeController.swift */; };
		96AF7E7E230553EE0017863D /* Group.swift in Sources */ = {isa = PBXBuildFile; fileRef = 96AF7E7D230553EE0017863D /* Group.swift */; };
		96AF7E80230554110017863D /* User.swift in Sources */ = {isa = PBXBuildFile; fileRef = 96AF7E7F230554110017863D /* User.swift */; };
		96AF7E832305565A0017863D /* FriendsPhotoController.swift in Sources */ = {isa = PBXBuildFile; fileRef = 96AF7E822305565A0017863D /* FriendsPhotoController.swift */; };
		96AF7E85230557270017863D /* FriendsPhotoCell.swift in Sources */ = {isa = PBXBuildFile; fileRef = 96AF7E84230557270017863D /* FriendsPhotoCell.swift */; };
		96E022C322F5ED3B0094AA80 /* AppDelegate.swift in Sources */ = {isa = PBXBuildFile; fileRef = 96E022C222F5ED3B0094AA80 /* AppDelegate.swift */; };
		96E022C822F5ED3B0094AA80 /* Main.storyboard in Resources */ = {isa = PBXBuildFile; fileRef = 96E022C622F5ED3B0094AA80 /* Main.storyboard */; };
		96E022CA22F5ED3C0094AA80 /* Assets.xcassets in Resources */ = {isa = PBXBuildFile; fileRef = 96E022C922F5ED3C0094AA80 /* Assets.xcassets */; };
		96E022CD22F5ED3C0094AA80 /* LaunchScreen.storyboard in Resources */ = {isa = PBXBuildFile; fileRef = 96E022CB22F5ED3C0094AA80 /* LaunchScreen.storyboard */; };
/* End PBXBuildFile section */

/* Begin PBXFileReference section */
		962485F02314153000DF530C /* LikeButton.swift */ = {isa = PBXFileReference; lastKnownFileType = sourcecode.swift; path = LikeButton.swift; sourceTree = "<group>"; };
		962AA1BE230545610023E4FC /* AllGroupsController.swift */ = {isa = PBXFileReference; lastKnownFileType = sourcecode.swift; path = AllGroupsController.swift; sourceTree = "<group>"; };
		962AA1C0230545720023E4FC /* AllGroupsCell.swift */ = {isa = PBXFileReference; lastKnownFileType = sourcecode.swift; path = AllGroupsCell.swift; sourceTree = "<group>"; };
		963BEF77230496BF00A5F366 /* FriendsController.swift */ = {isa = PBXFileReference; lastKnownFileType = sourcecode.swift; path = FriendsController.swift; sourceTree = "<group>"; };
		963BEF79230496DF00A5F366 /* FriendsCell.swift */ = {isa = PBXFileReference; lastKnownFileType = sourcecode.swift; path = FriendsCell.swift; sourceTree = "<group>"; };
		963BEF7C23049B7D00A5F366 /* GroupsController.swift */ = {isa = PBXFileReference; lastKnownFileType = sourcecode.swift; path = GroupsController.swift; sourceTree = "<group>"; };
		963BEF7E23049B9800A5F366 /* GroupsCell.swift */ = {isa = PBXFileReference; lastKnownFileType = sourcecode.swift; path = GroupsCell.swift; sourceTree = "<group>"; };
		965F3AE822F60626009A6ED4 /* LoginFormController.swift */ = {isa = PBXFileReference; lastKnownFileType = sourcecode.swift; path = LoginFormController.swift; sourceTree = "<group>"; };
		96636E4C2312F3BC008E776E /* NewsCell.swift */ = {isa = PBXFileReference; lastKnownFileType = sourcecode.swift; path = NewsCell.swift; sourceTree = "<group>"; };
		96636E4D2312F3BC008E776E /* NewsCell.xib */ = {isa = PBXFileReference; lastKnownFileType = file.xib; path = NewsCell.xib; sourceTree = "<group>"; };
		96636E502313EE12008E776E /* News.swift */ = {isa = PBXFileReference; lastKnownFileType = sourcecode.swift; path = News.swift; sourceTree = "<group>"; };
		96636E542313F97A008E776E /* NewsViewController.swift */ = {isa = PBXFileReference; lastKnownFileType = sourcecode.swift; path = NewsViewController.swift; sourceTree = "<group>"; };
		96636E5623140005008E776E /* NewsViewController + UITableViewDataSource.swift */ = {isa = PBXFileReference; lastKnownFileType = sourcecode.swift; path = "NewsViewController + UITableViewDataSource.swift"; sourceTree = "<group>"; };
		96695705230AB46E0013A7F1 /* LikeController.swift */ = {isa = PBXFileReference; lastKnownFileType = sourcecode.swift; path = LikeController.swift; sourceTree = "<group>"; };
		96AF7E7D230553EE0017863D /* Group.swift */ = {isa = PBXFileReference; lastKnownFileType = sourcecode.swift; path = Group.swift; sourceTree = "<group>"; };
		96AF7E7F230554110017863D /* User.swift */ = {isa = PBXFileReference; lastKnownFileType = sourcecode.swift; path = User.swift; sourceTree = "<group>"; };
		96AF7E822305565A0017863D /* FriendsPhotoController.swift */ = {isa = PBXFileReference; lastKnownFileType = sourcecode.swift; path = FriendsPhotoController.swift; sourceTree = "<group>"; };
		96AF7E84230557270017863D /* FriendsPhotoCell.swift */ = {isa = PBXFileReference; lastKnownFileType = sourcecode.swift; path = FriendsPhotoCell.swift; sourceTree = "<group>"; };
		96E022BF22F5ED3B0094AA80 /* 190803 Lesson1.Homework.app */ = {isa = PBXFileReference; explicitFileType = wrapper.application; includeInIndex = 0; path = "190803 Lesson1.Homework.app"; sourceTree = BUILT_PRODUCTS_DIR; };
		96E022C222F5ED3B0094AA80 /* AppDelegate.swift */ = {isa = PBXFileReference; lastKnownFileType = sourcecode.swift; path = AppDelegate.swift; sourceTree = "<group>"; };
		96E022C722F5ED3B0094AA80 /* Base */ = {isa = PBXFileReference; lastKnownFileType = file.storyboard; name = Base; path = Base.lproj/Main.storyboard; sourceTree = "<group>"; };
		96E022C922F5ED3C0094AA80 /* Assets.xcassets */ = {isa = PBXFileReference; lastKnownFileType = folder.assetcatalog; path = Assets.xcassets; sourceTree = "<group>"; };
		96E022CC22F5ED3C0094AA80 /* Base */ = {isa = PBXFileReference; lastKnownFileType = file.storyboard; name = Base; path = Base.lproj/LaunchScreen.storyboard; sourceTree = "<group>"; };
		96E022CE22F5ED3C0094AA80 /* Info.plist */ = {isa = PBXFileReference; lastKnownFileType = text.plist.xml; path = Info.plist; sourceTree = "<group>"; };
/* End PBXFileReference section */

/* Begin PBXFrameworksBuildPhase section */
		96E022BC22F5ED3B0094AA80 /* Frameworks */ = {
			isa = PBXFrameworksBuildPhase;
			buildActionMask = 2147483647;
			files = (
			);
			runOnlyForDeploymentPostprocessing = 0;
		};
/* End PBXFrameworksBuildPhase section */

/* Begin PBXGroup section */
		962AA1BD230543EF0023E4FC /* AllGroups */ = {
			isa = PBXGroup;
			children = (
				962AA1BE230545610023E4FC /* AllGroupsController.swift */,
				962AA1C0230545720023E4FC /* AllGroupsCell.swift */,
			);
			path = AllGroups;
			sourceTree = "<group>";
		};
		963BEF742304963900A5F366 /* Friends */ = {
			isa = PBXGroup;
			children = (
				963BEF77230496BF00A5F366 /* FriendsController.swift */,
				963BEF79230496DF00A5F366 /* FriendsCell.swift */,
			);
			path = Friends;
			sourceTree = "<group>";
		};
		963BEF7B23049B4B00A5F366 /* Groups */ = {
			isa = PBXGroup;
			children = (
				963BEF7C23049B7D00A5F366 /* GroupsController.swift */,
				963BEF7E23049B9800A5F366 /* GroupsCell.swift */,
			);
			path = Groups;
			sourceTree = "<group>";
		};
		96636E492312F30E008E776E /* News */ = {
			isa = PBXGroup;
			children = (
				96636E4C2312F3BC008E776E /* NewsCell.swift */,
				96636E4D2312F3BC008E776E /* NewsCell.xib */,
				96636E542313F97A008E776E /* NewsViewController.swift */,
				96636E5623140005008E776E /* NewsViewController + UITableViewDataSource.swift */,
			);
			path = News;
			sourceTree = "<group>";
		};
		96695709230AB6D40013A7F1 /* Controls */ = {
			isa = PBXGroup;
			children = (
				96695705230AB46E0013A7F1 /* LikeController.swift */,
				962485F02314153000DF530C /* LikeButton.swift */,
			);
			path = Controls;
			sourceTree = "<group>";
		};
		96AF7E7A230552DF0017863D /* Model */ = {
			isa = PBXGroup;
			children = (
				96AF7E7D230553EE0017863D /* Group.swift */,
				96AF7E7F230554110017863D /* User.swift */,
				96636E502313EE12008E776E /* News.swift */,
			);
			path = Model;
			sourceTree = "<group>";
		};
		96AF7E81230555B80017863D /* Friend's Photo */ = {
			isa = PBXGroup;
			children = (
				96AF7E822305565A0017863D /* FriendsPhotoController.swift */,
				96AF7E84230557270017863D /* FriendsPhotoCell.swift */,
			);
			path = "Friend's Photo";
			sourceTree = "<group>";
		};
		96E022B622F5ED3B0094AA80 = {
			isa = PBXGroup;
			children = (
				96E022C122F5ED3B0094AA80 /* 190803 Lesson1.Homework */,
				96E022C022F5ED3B0094AA80 /* Products */,
			);
			sourceTree = "<group>";
		};
		96E022C022F5ED3B0094AA80 /* Products */ = {
			isa = PBXGroup;
			children = (
				96E022BF22F5ED3B0094AA80 /* 190803 Lesson1.Homework.app */,
			);
			name = Products;
			sourceTree = "<group>";
		};
		96E022C122F5ED3B0094AA80 /* 190803 Lesson1.Homework */ = {
			isa = PBXGroup;
			children = (
				96636E492312F30E008E776E /* News */,
				96695709230AB6D40013A7F1 /* Controls */,
				96AF7E7A230552DF0017863D /* Model */,
				962AA1BD230543EF0023E4FC /* AllGroups */,
				963BEF7B23049B4B00A5F366 /* Groups */,
				96AF7E81230555B80017863D /* Friend's Photo */,
				963BEF742304963900A5F366 /* Friends */,
				96E022C222F5ED3B0094AA80 /* AppDelegate.swift */,
				96E022C622F5ED3B0094AA80 /* Main.storyboard */,
				96E022C922F5ED3C0094AA80 /* Assets.xcassets */,
				96E022CB22F5ED3C0094AA80 /* LaunchScreen.storyboard */,
				96E022CE22F5ED3C0094AA80 /* Info.plist */,
				965F3AE822F60626009A6ED4 /* LoginFormController.swift */,
			);
			path = "190803 Lesson1.Homework";
			sourceTree = "<group>";
		};
/* End PBXGroup section */

/* Begin PBXNativeTarget section */
		96E022BE22F5ED3B0094AA80 /* 190803 Lesson1.Homework */ = {
			isa = PBXNativeTarget;
			buildConfigurationList = 96E022D122F5ED3C0094AA80 /* Build configuration list for PBXNativeTarget "190803 Lesson1.Homework" */;
			buildPhases = (
				96E022BB22F5ED3B0094AA80 /* Sources */,
				96E022BC22F5ED3B0094AA80 /* Frameworks */,
				96E022BD22F5ED3B0094AA80 /* Resources */,
			);
			buildRules = (
			);
			dependencies = (
			);
			name = "190803 Lesson1.Homework";
			productName = "190803 Lesson1.Homework";
			productReference = 96E022BF22F5ED3B0094AA80 /* 190803 Lesson1.Homework.app */;
			productType = "com.apple.product-type.application";
		};
/* End PBXNativeTarget section */

/* Begin PBXProject section */
		96E022B722F5ED3B0094AA80 /* Project object */ = {
			isa = PBXProject;
			attributes = {
				LastSwiftUpdateCheck = 1030;
				LastUpgradeCheck = 1030;
				ORGANIZATIONNAME = "EVM Corporation";
				TargetAttributes = {
					96E022BE22F5ED3B0094AA80 = {
						CreatedOnToolsVersion = 10.3;
					};
				};
			};
			buildConfigurationList = 96E022BA22F5ED3B0094AA80 /* Build configuration list for PBXProject "190803 Lesson1.Homework" */;
			compatibilityVersion = "Xcode 9.3";
			developmentRegion = en;
			hasScannedForEncodings = 0;
			knownRegions = (
				en,
				Base,
			);
			mainGroup = 96E022B622F5ED3B0094AA80;
			productRefGroup = 96E022C022F5ED3B0094AA80 /* Products */;
			projectDirPath = "";
			projectRoot = "";
			targets = (
				96E022BE22F5ED3B0094AA80 /* 190803 Lesson1.Homework */,
			);
		};
/* End PBXProject section */

/* Begin PBXResourcesBuildPhase section */
		96E022BD22F5ED3B0094AA80 /* Resources */ = {
			isa = PBXResourcesBuildPhase;
			buildActionMask = 2147483647;
			files = (
				96E022CD22F5ED3C0094AA80 /* LaunchScreen.storyboard in Resources */,
				96E022CA22F5ED3C0094AA80 /* Assets.xcassets in Resources */,
				96636E4F2312F3BC008E776E /* NewsCell.xib in Resources */,
				96E022C822F5ED3B0094AA80 /* Main.storyboard in Resources */,
			);
			runOnlyForDeploymentPostprocessing = 0;
		};
/* End PBXResourcesBuildPhase section */

/* Begin PBXSourcesBuildPhase section */
		96E022BB22F5ED3B0094AA80 /* Sources */ = {
			isa = PBXSourcesBuildPhase;
			buildActionMask = 2147483647;
			files = (
				96AF7E7E230553EE0017863D /* Group.swift in Sources */,
				962AA1BF230545610023E4FC /* AllGroupsController.swift in Sources */,
				96AF7E85230557270017863D /* FriendsPhotoCell.swift in Sources */,
				96636E512313EE12008E776E /* News.swift in Sources */,
				963BEF7D23049B7D00A5F366 /* GroupsController.swift in Sources */,
				96E022C322F5ED3B0094AA80 /* AppDelegate.swift in Sources */,
				963BEF78230496BF00A5F366 /* FriendsController.swift in Sources */,
				96AF7E832305565A0017863D /* FriendsPhotoController.swift in Sources */,
				963BEF7F23049B9800A5F366 /* GroupsCell.swift in Sources */,
				96695706230AB46E0013A7F1 /* LikeController.swift in Sources */,
				962485F12314153000DF530C /* LikeButton.swift in Sources */,
				965F3AE922F60626009A6ED4 /* LoginFormController.swift in Sources */,
				96636E5723140005008E776E /* NewsViewController + UITableViewDataSource.swift in Sources */,
				96636E4E2312F3BC008E776E /* NewsCell.swift in Sources */,
				96636E552313F97A008E776E /* NewsViewController.swift in Sources */,
				963BEF7A230496DF00A5F366 /* FriendsCell.swift in Sources */,
				96AF7E80230554110017863D /* User.swift in Sources */,
				962AA1C1230545720023E4FC /* AllGroupsCell.swift in Sources */,
			);
			runOnlyForDeploymentPostprocessing = 0;
		};
/* End PBXSourcesBuildPhase section */

/* Begin PBXVariantGroup section */
		96E022C622F5ED3B0094AA80 /* Main.storyboard */ = {
			isa = PBXVariantGroup;
			children = (
				96E022C722F5ED3B0094AA80 /* Base */,
			);
			name = Main.storyboard;
			sourceTree = "<group>";
		};
		96E022CB22F5ED3C0094AA80 /* LaunchScreen.storyboard */ = {
			isa = PBXVariantGroup;
			children = (
				96E022CC22F5ED3C0094AA80 /* Base */,
			);
			name = LaunchScreen.storyboard;
			sourceTree = "<group>";
		};
/* End PBXVariantGroup section */

/* Begin XCBuildConfiguration section */
		96E022CF22F5ED3C0094AA80 /* Debug */ = {
			isa = XCBuildConfiguration;
			buildSettings = {
				ALWAYS_SEARCH_USER_PATHS = NO;
				CLANG_ANALYZER_NONNULL = YES;
				CLANG_ANALYZER_NUMBER_OBJECT_CONVERSION = YES_AGGRESSIVE;
				CLANG_CXX_LANGUAGE_STANDARD = "gnu++14";
				CLANG_CXX_LIBRARY = "libc++";
				CLANG_ENABLE_MODULES = YES;
				CLANG_ENABLE_OBJC_ARC = YES;
				CLANG_ENABLE_OBJC_WEAK = YES;
				CLANG_WARN_BLOCK_CAPTURE_AUTORELEASING = YES;
				CLANG_WARN_BOOL_CONVERSION = YES;
				CLANG_WARN_COMMA = YES;
				CLANG_WARN_CONSTANT_CONVERSION = YES;
				CLANG_WARN_DEPRECATED_OBJC_IMPLEMENTATIONS = YES;
				CLANG_WARN_DIRECT_OBJC_ISA_USAGE = YES_ERROR;
				CLANG_WARN_DOCUMENTATION_COMMENTS = YES;
				CLANG_WARN_EMPTY_BODY = YES;
				CLANG_WARN_ENUM_CONVERSION = YES;
				CLANG_WARN_INFINITE_RECURSION = YES;
				CLANG_WARN_INT_CONVERSION = YES;
				CLANG_WARN_NON_LITERAL_NULL_CONVERSION = YES;
				CLANG_WARN_OBJC_IMPLICIT_RETAIN_SELF = YES;
				CLANG_WARN_OBJC_LITERAL_CONVERSION = YES;
				CLANG_WARN_OBJC_ROOT_CLASS = YES_ERROR;
				CLANG_WARN_RANGE_LOOP_ANALYSIS = YES;
				CLANG_WARN_STRICT_PROTOTYPES = YES;
				CLANG_WARN_SUSPICIOUS_MOVE = YES;
				CLANG_WARN_UNGUARDED_AVAILABILITY = YES_AGGRESSIVE;
				CLANG_WARN_UNREACHABLE_CODE = YES;
				CLANG_WARN__DUPLICATE_METHOD_MATCH = YES;
				CODE_SIGN_IDENTITY = "iPhone Developer";
				COPY_PHASE_STRIP = NO;
				DEBUG_INFORMATION_FORMAT = dwarf;
				ENABLE_STRICT_OBJC_MSGSEND = YES;
				ENABLE_TESTABILITY = YES;
				GCC_C_LANGUAGE_STANDARD = gnu11;
				GCC_DYNAMIC_NO_PIC = NO;
				GCC_NO_COMMON_BLOCKS = YES;
				GCC_OPTIMIZATION_LEVEL = 0;
				GCC_PREPROCESSOR_DEFINITIONS = (
					"DEBUG=1",
					"$(inherited)",
				);
				GCC_WARN_64_TO_32_BIT_CONVERSION = YES;
				GCC_WARN_ABOUT_RETURN_TYPE = YES_ERROR;
				GCC_WARN_UNDECLARED_SELECTOR = YES;
				GCC_WARN_UNINITIALIZED_AUTOS = YES_AGGRESSIVE;
				GCC_WARN_UNUSED_FUNCTION = YES;
				GCC_WARN_UNUSED_VARIABLE = YES;
				IPHONEOS_DEPLOYMENT_TARGET = 12.4;
				MTL_ENABLE_DEBUG_INFO = INCLUDE_SOURCE;
				MTL_FAST_MATH = YES;
				ONLY_ACTIVE_ARCH = YES;
				SDKROOT = iphoneos;
				SWIFT_ACTIVE_COMPILATION_CONDITIONS = DEBUG;
				SWIFT_OPTIMIZATION_LEVEL = "-Onone";
			};
			name = Debug;
		};
		96E022D022F5ED3C0094AA80 /* Release */ = {
			isa = XCBuildConfiguration;
			buildSettings = {
				ALWAYS_SEARCH_USER_PATHS = NO;
				CLANG_ANALYZER_NONNULL = YES;
				CLANG_ANALYZER_NUMBER_OBJECT_CONVERSION = YES_AGGRESSIVE;
				CLANG_CXX_LANGUAGE_STANDARD = "gnu++14";
				CLANG_CXX_LIBRARY = "libc++";
				CLANG_ENABLE_MODULES = YES;
				CLANG_ENABLE_OBJC_ARC = YES;
				CLANG_ENABLE_OBJC_WEAK = YES;
				CLANG_WARN_BLOCK_CAPTURE_AUTORELEASING = YES;
				CLANG_WARN_BOOL_CONVERSION = YES;
				CLANG_WARN_COMMA = YES;
				CLANG_WARN_CONSTANT_CONVERSION = YES;
				CLANG_WARN_DEPRECATED_OBJC_IMPLEMENTATIONS = YES;
				CLANG_WARN_DIRECT_OBJC_ISA_USAGE = YES_ERROR;
				CLANG_WARN_DOCUMENTATION_COMMENTS = YES;
				CLANG_WARN_EMPTY_BODY = YES;
				CLANG_WARN_ENUM_CONVERSION = YES;
				CLANG_WARN_INFINITE_RECURSION = YES;
				CLANG_WARN_INT_CONVERSION = YES;
				CLANG_WARN_NON_LITERAL_NULL_CONVERSION = YES;
				CLANG_WARN_OBJC_IMPLICIT_RETAIN_SELF = YES;
				CLANG_WARN_OBJC_LITERAL_CONVERSION = YES;
				CLANG_WARN_OBJC_ROOT_CLASS = YES_ERROR;
				CLANG_WARN_RANGE_LOOP_ANALYSIS = YES;
				CLANG_WARN_STRICT_PROTOTYPES = YES;
				CLANG_WARN_SUSPICIOUS_MOVE = YES;
				CLANG_WARN_UNGUARDED_AVAILABILITY = YES_AGGRESSIVE;
				CLANG_WARN_UNREACHABLE_CODE = YES;
				CLANG_WARN__DUPLICATE_METHOD_MATCH = YES;
				CODE_SIGN_IDENTITY = "iPhone Developer";
				COPY_PHASE_STRIP = NO;
				DEBUG_INFORMATION_FORMAT = "dwarf-with-dsym";
				ENABLE_NS_ASSERTIONS = NO;
				ENABLE_STRICT_OBJC_MSGSEND = YES;
				GCC_C_LANGUAGE_STANDARD = gnu11;
				GCC_NO_COMMON_BLOCKS = YES;
				GCC_WARN_64_TO_32_BIT_CONVERSION = YES;
				GCC_WARN_ABOUT_RETURN_TYPE = YES_ERROR;
				GCC_WARN_UNDECLARED_SELECTOR = YES;
				GCC_WARN_UNINITIALIZED_AUTOS = YES_AGGRESSIVE;
				GCC_WARN_UNUSED_FUNCTION = YES;
				GCC_WARN_UNUSED_VARIABLE = YES;
				IPHONEOS_DEPLOYMENT_TARGET = 12.4;
				MTL_ENABLE_DEBUG_INFO = NO;
				MTL_FAST_MATH = YES;
				SDKROOT = iphoneos;
				SWIFT_COMPILATION_MODE = wholemodule;
				SWIFT_OPTIMIZATION_LEVEL = "-O";
				VALIDATE_PRODUCT = YES;
			};
			name = Release;
		};
		96E022D222F5ED3C0094AA80 /* Debug */ = {
			isa = XCBuildConfiguration;
			buildSettings = {
				ASSETCATALOG_COMPILER_APPICON_NAME = AppIcon;
				CODE_SIGN_STYLE = Automatic;
				DEVELOPMENT_TEAM = TF94WL232F;
				INFOPLIST_FILE = "190803 Lesson1.Homework/Info.plist";
				LD_RUNPATH_SEARCH_PATHS = (
					"$(inherited)",
					"@executable_path/Frameworks",
				);
				PRODUCT_BUNDLE_IDENTIFIER = "EVM.-90803-Lesson1-Homework";
				PRODUCT_NAME = "$(TARGET_NAME)";
				SWIFT_VERSION = 5.0;
				TARGETED_DEVICE_FAMILY = "1,2";
			};
			name = Debug;
		};
		96E022D322F5ED3C0094AA80 /* Release */ = {
			isa = XCBuildConfiguration;
			buildSettings = {
				ASSETCATALOG_COMPILER_APPICON_NAME = AppIcon;
				CODE_SIGN_STYLE = Automatic;
				DEVELOPMENT_TEAM = TF94WL232F;
				INFOPLIST_FILE = "190803 Lesson1.Homework/Info.plist";
				LD_RUNPATH_SEARCH_PATHS = (
					"$(inherited)",
					"@executable_path/Frameworks",
				);
				PRODUCT_BUNDLE_IDENTIFIER = "EVM.-90803-Lesson1-Homework";
				PRODUCT_NAME = "$(TARGET_NAME)";
				SWIFT_VERSION = 5.0;
				TARGETED_DEVICE_FAMILY = "1,2";
			};
			name = Release;
		};
/* End XCBuildConfiguration section */

/* Begin XCConfigurationList section */
		96E022BA22F5ED3B0094AA80 /* Build configuration list for PBXProject "190803 Lesson1.Homework" */ = {
			isa = XCConfigurationList;
			buildConfigurations = (
				96E022CF22F5ED3C0094AA80 /* Debug */,
				96E022D022F5ED3C0094AA80 /* Release */,
			);
			defaultConfigurationIsVisible = 0;
			defaultConfigurationName = Release;
		};
		96E022D122F5ED3C0094AA80 /* Build configuration list for PBXNativeTarget "190803 Lesson1.Homework" */ = {
			isa = XCConfigurationList;
			buildConfigurations = (
				96E022D222F5ED3C0094AA80 /* Debug */,
				96E022D322F5ED3C0094AA80 /* Release */,
			);
			defaultConfigurationIsVisible = 0;
			defaultConfigurationName = Release;
		};
/* End XCConfigurationList section */
	};
	rootObject = 96E022B722F5ED3B0094AA80 /* Project object */;
}
